// !$*UTF8*$!
{
	archiveVersion = 1;
	classes = {
	};
	objectVersion = 46;
	objects = {

/* Begin PBXBuildFile section */
		C5B8E3871E1A6E0D00C3E40C /* AppDelegate.swift in Sources */ = {isa = PBXBuildFile; fileRef = C5B8E3861E1A6E0D00C3E40C /* AppDelegate.swift */; };
		C5B8E3891E1A6E0D00C3E40C /* ViewController.swift in Sources */ = {isa = PBXBuildFile; fileRef = C5B8E3881E1A6E0D00C3E40C /* ViewController.swift */; };
		C5B8E38C1E1A6E0D00C3E40C /* Main.storyboard in Resources */ = {isa = PBXBuildFile; fileRef = C5B8E38A1E1A6E0D00C3E40C /* Main.storyboard */; };
		C5B8E38E1E1A6E0D00C3E40C /* Assets.xcassets in Resources */ = {isa = PBXBuildFile; fileRef = C5B8E38D1E1A6E0D00C3E40C /* Assets.xcassets */; };
		C5B8E3911E1A6E0D00C3E40C /* LaunchScreen.storyboard in Resources */ = {isa = PBXBuildFile; fileRef = C5B8E38F1E1A6E0D00C3E40C /* LaunchScreen.storyboard */; };
		C5B8E39A1E1B6C1300C3E40C /* CalculatorBrain.swift in Sources */ = {isa = PBXBuildFile; fileRef = C5B8E3991E1B6C1300C3E40C /* CalculatorBrain.swift */; };
/* End PBXBuildFile section */

/* Begin PBXFileReference section */
		C5B8E3831E1A6E0D00C3E40C /* Calculator.app */ = {isa = PBXFileReference; explicitFileType = wrapper.application; includeInIndex = 0; path = Calculator.app; sourceTree = BUILT_PRODUCTS_DIR; };
		C5B8E3861E1A6E0D00C3E40C /* AppDelegate.swift */ = {isa = PBXFileReference; lastKnownFileType = sourcecode.swift; path = AppDelegate.swift; sourceTree = "<group>"; };
		C5B8E3881E1A6E0D00C3E40C /* ViewController.swift */ = {isa = PBXFileReference; lastKnownFileType = sourcecode.swift; path = ViewController.swift; sourceTree = "<group>"; };
		C5B8E38B1E1A6E0D00C3E40C /* Base */ = {isa = PBXFileReference; lastKnownFileType = file.storyboard; name = Base; path = Base.lproj/Main.storyboard; sourceTree = "<group>"; };
		C5B8E38D1E1A6E0D00C3E40C /* Assets.xcassets */ = {isa = PBXFileReference; lastKnownFileType = folder.assetcatalog; path = Assets.xcassets; sourceTree = "<group>"; };
		C5B8E3901E1A6E0D00C3E40C /* Base */ = {isa = PBXFileReference; lastKnownFileType = file.storyboard; name = Base; path = Base.lproj/LaunchScreen.storyboard; sourceTree = "<group>"; };
		C5B8E3921E1A6E0D00C3E40C /* Info.plist */ = {isa = PBXFileReference; lastKnownFileType = text.plist.xml; path = Info.plist; sourceTree = "<group>"; };
		C5B8E3991E1B6C1300C3E40C /* CalculatorBrain.swift */ = {isa = PBXFileReference; fileEncoding = 4; lastKnownFileType = sourcecode.swift; path = CalculatorBrain.swift; sourceTree = "<group>"; };
/* End PBXFileReference section */

/* Begin PBXFrameworksBuildPhase section */
		C5B8E3801E1A6E0D00C3E40C /* Frameworks */ = {
			isa = PBXFrameworksBuildPhase;
			buildActionMask = 2147483647;
			files = (
			);
			runOnlyForDeploymentPostprocessing = 0;
		};
/* End PBXFrameworksBuildPhase section */

/* Begin PBXGroup section */
		C5B8E37A1E1A6E0D00C3E40C = {
			isa = PBXGroup;
			children = (
				C5B8E3851E1A6E0D00C3E40C /* Calculator */,
				C5B8E3841E1A6E0D00C3E40C /* Products */,
			);
			sourceTree = "<group>";
		};
		C5B8E3841E1A6E0D00C3E40C /* Products */ = {
			isa = PBXGroup;
			children = (
				C5B8E3831E1A6E0D00C3E40C /* Calculator.app */,
			);
			name = Products;
			sourceTree = "<group>";
		};
		C5B8E3851E1A6E0D00C3E40C /* Calculator */ = {
			isa = PBXGroup;
			children = (
				C5B8E3881E1A6E0D00C3E40C /* ViewController.swift */,
				C5B8E38A1E1A6E0D00C3E40C /* Main.storyboard */,
				C5B8E3991E1B6C1300C3E40C /* CalculatorBrain.swift */,
				C5B8E3981E1A6F4A00C3E40C /* Supporting Files */,
			);
			path = Calculator;
			sourceTree = "<group>";
		};
		C5B8E3981E1A6F4A00C3E40C /* Supporting Files */ = {
			isa = PBXGroup;
			children = (
				C5B8E3861E1A6E0D00C3E40C /* AppDelegate.swift */,
				C5B8E38D1E1A6E0D00C3E40C /* Assets.xcassets */,
				C5B8E38F1E1A6E0D00C3E40C /* LaunchScreen.storyboard */,
				C5B8E3921E1A6E0D00C3E40C /* Info.plist */,
			);
			name = "Supporting Files";
			sourceTree = "<group>";
		};
/* End PBXGroup section */

/* Begin PBXNativeTarget section */
		C5B8E3821E1A6E0D00C3E40C /* Calculator */ = {
			isa = PBXNativeTarget;
			buildConfigurationList = C5B8E3951E1A6E0D00C3E40C /* Build configuration list for PBXNativeTarget "Calculator" */;
			buildPhases = (
				C5B8E37F1E1A6E0D00C3E40C /* Sources */,
				C5B8E3801E1A6E0D00C3E40C /* Frameworks */,
				C5B8E3811E1A6E0D00C3E40C /* Resources */,
			);
			buildRules = (
			);
			dependencies = (
			);
			name = Calculator;
			productName = Calculator;
			productReference = C5B8E3831E1A6E0D00C3E40C /* Calculator.app */;
			productType = "com.apple.product-type.application";
		};
/* End PBXNativeTarget section */

/* Begin PBXProject section */
		C5B8E37B1E1A6E0D00C3E40C /* Project object */ = {
			isa = PBXProject;
			attributes = {
				LastSwiftUpdateCheck = 0820;
				LastUpgradeCheck = 0820;
				ORGANIZATIONNAME = "Phaniteja Nunna";
				TargetAttributes = {
					C5B8E3821E1A6E0D00C3E40C = {
						CreatedOnToolsVersion = 8.2.1;
						DevelopmentTeam = 2M848HA57U;
						ProvisioningStyle = Automatic;
					};
				};
			};
			buildConfigurationList = C5B8E37E1E1A6E0D00C3E40C /* Build configuration list for PBXProject "Calculator" */;
			compatibilityVersion = "Xcode 3.2";
			developmentRegion = English;
			hasScannedForEncodings = 0;
			knownRegions = (
				en,
				Base,
			);
			mainGroup = C5B8E37A1E1A6E0D00C3E40C;
			productRefGroup = C5B8E3841E1A6E0D00C3E40C /* Products */;
			projectDirPath = "";
			projectRoot = "";
			targets = (
				C5B8E3821E1A6E0D00C3E40C /* Calculator */,
			);
		};
/* End PBXProject section */

/* Begin PBXResourcesBuildPhase section */
		C5B8E3811E1A6E0D00C3E40C /* Resources */ = {
			isa = PBXResourcesBuildPhase;
			buildActionMask = 2147483647;
			files = (
				C5B8E3911E1A6E0D00C3E40C /* LaunchScreen.storyboard in Resources */,
				C5B8E38E1E1A6E0D00C3E40C /* Assets.xcassets in Resources */,
				C5B8E38C1E1A6E0D00C3E40C /* Main.storyboard in Resources */,
			);
			runOnlyForDeploymentPostprocessing = 0;
		};
/* End PBXResourcesBuildPhase section */

/* Begin PBXSourcesBuildPhase section */
		C5B8E37F1E1A6E0D00C3E40C /* Sources */ = {
			isa = PBXSourcesBuildPhase;
			buildActionMask = 2147483647;
			files = (
				C5B8E39A1E1B6C1300C3E40C /* CalculatorBrain.swift in Sources */,
				C5B8E3891E1A6E0D00C3E40C /* ViewController.swift in Sources */,
				C5B8E3871E1A6E0D00C3E40C /* AppDelegate.swift in Sources */,
			);
			runOnlyForDeploymentPostprocessing = 0;
		};
/* End PBXSourcesBuildPhase section */

/* Begin PBXVariantGroup section */
		C5B8E38A1E1A6E0D00C3E40C /* Main.storyboard */ = {
			isa = PBXVariantGroup;
			children = (
				C5B8E38B1E1A6E0D00C3E40C /* Base */,
			);
			name = Main.storyboard;
			sourceTree = "<group>";
		};
		C5B8E38F1E1A6E0D00C3E40C /* LaunchScreen.storyboard */ = {
			isa = PBXVariantGroup;
			children = (
				C5B8E3901E1A6E0D00C3E40C /* Base */,
			);
			name = LaunchScreen.storyboard;
			sourceTree = "<group>";
		};
/* End PBXVariantGroup section */

/* Begin XCBuildConfiguration section */
		C5B8E3931E1A6E0D00C3E40C /* Debug */ = {
			isa = XCBuildConfiguration;
			buildSettings = {
				ALWAYS_SEARCH_USER_PATHS = NO;
				CLANG_ANALYZER_NONNULL = YES;
				CLANG_CXX_LANGUAGE_STANDARD = "gnu++0x";
				CLANG_CXX_LIBRARY = "libc++";
				CLANG_ENABLE_MODULES = YES;
				CLANG_ENABLE_OBJC_ARC = YES;
				CLANG_WARN_BOOL_CONVERSION = YES;
				CLANG_WARN_CONSTANT_CONVERSION = YES;
				CLANG_WARN_DIRECT_OBJC_ISA_USAGE = YES_ERROR;
				CLANG_WARN_DOCUMENTATION_COMMENTS = YES;
				CLANG_WARN_EMPTY_BODY = YES;
				CLANG_WARN_ENUM_CONVERSION = YES;
				CLANG_WARN_INFINITE_RECURSION = YES;
				CLANG_WARN_INT_CONVERSION = YES;
				CLANG_WARN_OBJC_ROOT_CLASS = YES_ERROR;
				CLANG_WARN_SUSPICIOUS_MOVE = YES;
				CLANG_WARN_UNREACHABLE_CODE = YES;
				CLANG_WARN__DUPLICATE_METHOD_MATCH = YES;
				"CODE_SIGN_IDENTITY[sdk=iphoneos*]" = "iPhone Developer";
				COPY_PHASE_STRIP = NO;
				DEBUG_INFORMATION_FORMAT = dwarf;
				ENABLE_STRICT_OBJC_MSGSEND = YES;
				ENABLE_TESTABILITY = YES;
				GCC_C_LANGUAGE_STANDARD = gnu99;
				GCC_DYNAMIC_NO_PIC = NO;
				GCC_NO_COMMON_BLOCKS = YES;
				GCC_OPTIMIZATION_LEVEL = 0;
				GCC_PREPROCESSOR_DEFINITIONS = (
					"DEBUG=1",
					"$(inherited)",
				);
				GCC_WARN_64_TO_32_BIT_CONVERSION = YES;
				GCC_WARN_ABOUT_RETURN_TYPE = YES_ERROR;
				GCC_WARN_UNDECLARED_SELECTOR = YES;
				GCC_WARN_UNINITIALIZED_AUTOS = YES_AGGRESSIVE;
				GCC_WARN_UNUSED_FUNCTION = YES;
				GCC_WARN_UNUSED_VARIABLE = YES;
				IPHONEOS_DEPLOYMENT_TARGET = 10.2;
				MTL_ENABLE_DEBUG_INFO = YES;
				ONLY_ACTIVE_ARCH = YES;
				SDKROOT = iphoneos;
				SWIFT_ACTIVE_COMPILATION_CONDITIONS = DEBUG;
				SWIFT_OPTIMIZATION_LEVEL = "-Onone";
				TARGETED_DEVICE_FAMILY = "1,2";
			};
			name = Debug;
		};
		C5B8E3941E1A6E0D00C3E40C /* Release */ = {
			isa = XCBuildConfiguration;
			buildSettings = {
				ALWAYS_SEARCH_USER_PATHS = NO;
				CLANG_ANALYZER_NONNULL = YES;
				CLANG_CXX_LANGUAGE_STANDARD = "gnu++0x";
				CLANG_CXX_LIBRARY = "libc++";
				CLANG_ENABLE_MODULES = YES;
				CLANG_ENABLE_OBJC_ARC = YES;
				CLANG_WARN_BOOL_CONVERSION = YES;
				CLANG_WARN_CONSTANT_CONVERSION = YES;
				CLANG_WARN_DIRECT_OBJC_ISA_USAGE = YES_ERROR;
				CLANG_WARN_DOCUMENTATION_COMMENTS = YES;
				CLANG_WARN_EMPTY_BODY = YES;
				CLANG_WARN_ENUM_CONVERSION = YES;
				CLANG_WARN_INFINITE_RECURSION = YES;
				CLANG_WARN_INT_CONVERSION = YES;
				CLANG_WARN_OBJC_ROOT_CLASS = YES_ERROR;
				CLANG_WARN_SUSPICIOUS_MOVE = YES;
				CLANG_WARN_UNREACHABLE_CODE = YES;
				CLANG_WARN__DUPLICATE_METHOD_MATCH = YES;
				"CODE_SIGN_IDENTITY[sdk=iphoneos*]" = "iPhone Developer";
				COPY_PHASE_STRIP = NO;
				DEBUG_INFORMATION_FORMAT = "dwarf-with-dsym";
				ENABLE_NS_ASSERTIONS = NO;
				ENABLE_STRICT_OBJC_MSGSEND = YES;
				GCC_C_LANGUAGE_STANDARD = gnu99;
				GCC_NO_COMMON_BLOCKS = YES;
				GCC_WARN_64_TO_32_BIT_CONVERSION = YES;
				GCC_WARN_ABOUT_RETURN_TYPE = YES_ERROR;
				GCC_WARN_UNDECLARED_SELECTOR = YES;
				GCC_WARN_UNINITIALIZED_AUTOS = YES_AGGRESSIVE;
				GCC_WARN_UNUSED_FUNCTION = YES;
				GCC_WARN_UNUSED_VARIABLE = YES;
				IPHONEOS_DEPLOYMENT_TARGET = 10.2;
				MTL_ENABLE_DEBUG_INFO = NO;
				SDKROOT = iphoneos;
				SWIFT_OPTIMIZATION_LEVEL = "-Owholemodule";
				TARGETED_DEVICE_FAMILY = "1,2";
				VALIDATE_PRODUCT = YES;
			};
			name = Release;
		};
		C5B8E3961E1A6E0D00C3E40C /* Debug */ = {
			isa = XCBuildConfiguration;
			buildSettings = {
				ASSETCATALOG_COMPILER_APPICON_NAME = AppIcon;
				DEVELOPMENT_TEAM = 2M848HA57U;
				INFOPLIST_FILE = Calculator/Info.plist;
				LD_RUNPATH_SEARCH_PATHS = "$(inherited) @executable_path/Frameworks";
				PRODUCT_BUNDLE_IDENTIFIER = Phani.Calculator;
				PRODUCT_NAME = "$(TARGET_NAME)";
				SWIFT_VERSION = 3.0;
			};
			name = Debug;
		};
		C5B8E3971E1A6E0D00C3E40C /* Release */ = {
			isa = XCBuildConfiguration;
			buildSettings = {
				ASSETCATALOG_COMPILER_APPICON_NAME = AppIcon;
				DEVELOPMENT_TEAM = 2M848HA57U;
				INFOPLIST_FILE = Calculator/Info.plist;
				LD_RUNPATH_SEARCH_PATHS = "$(inherited) @executable_path/Frameworks";
				PRODUCT_BUNDLE_IDENTIFIER = Phani.Calculator;
				PRODUCT_NAME = "$(TARGET_NAME)";
				SWIFT_VERSION = 3.0;
			};
			name = Release;
		};
/* End XCBuildConfiguration section */

/* Begin XCConfigurationList section */
		C5B8E37E1E1A6E0D00C3E40C /* Build configuration list for PBXProject "Calculator" */ = {
			isa = XCConfigurationList;
			buildConfigurations = (
				C5B8E3931E1A6E0D00C3E40C /* Debug */,
				C5B8E3941E1A6E0D00C3E40C /* Release */,
			);
			defaultConfigurationIsVisible = 0;
			defaultConfigurationName = Release;
		};
		C5B8E3951E1A6E0D00C3E40C /* Build configuration list for PBXNativeTarget "Calculator" */ = {
			isa = XCConfigurationList;
			buildConfigurations = (
				C5B8E3961E1A6E0D00C3E40C /* Debug */,
				C5B8E3971E1A6E0D00C3E40C /* Release */,
			);
			defaultConfigurationIsVisible = 0;
		};
/* End XCConfigurationList section */
	};
	rootObject = C5B8E37B1E1A6E0D00C3E40C /* Project object */;
}
